// !$*UTF8*$!
{
	archiveVersion = 1;
	classes = {
	};
	objectVersion = 46;
	objects = {

/* Begin PBXBuildFile section */
		FD2B55921AA223E400C3DF38 /* home.storyboard in Resources */ = {isa = PBXBuildFile; fileRef = FD2B55911AA223E400C3DF38 /* home.storyboard */; };
		FD2B55941AA224B300C3DF38 /* HomeViewController.swift in Sources */ = {isa = PBXBuildFile; fileRef = FD2B55931AA224B300C3DF38 /* HomeViewController.swift */; };
		FDB921F71AA1D566000616B9 /* AppDelegate.swift in Sources */ = {isa = PBXBuildFile; fileRef = FDB921F61AA1D566000616B9 /* AppDelegate.swift */; };
		FDB921F91AA1D566000616B9 /* ViewController.swift in Sources */ = {isa = PBXBuildFile; fileRef = FDB921F81AA1D566000616B9 /* ViewController.swift */; };
		FDB921FC1AA1D566000616B9 /* Main.storyboard in Resources */ = {isa = PBXBuildFile; fileRef = FDB921FA1AA1D566000616B9 /* Main.storyboard */; };
		FDB921FE1AA1D566000616B9 /* Images.xcassets in Resources */ = {isa = PBXBuildFile; fileRef = FDB921FD1AA1D566000616B9 /* Images.xcassets */; };
		FDB922011AA1D566000616B9 /* LaunchScreen.xib in Resources */ = {isa = PBXBuildFile; fileRef = FDB921FF1AA1D566000616B9 /* LaunchScreen.xib */; };
		FDB9220D1AA1D566000616B9 /* _228_OAuthTests.swift in Sources */ = {isa = PBXBuildFile; fileRef = FDB9220C1AA1D566000616B9 /* _228_OAuthTests.swift */; };
/* End PBXBuildFile section */

/* Begin PBXContainerItemProxy section */
		FDB922071AA1D566000616B9 /* PBXContainerItemProxy */ = {
			isa = PBXContainerItemProxy;
			containerPortal = FDB921E91AA1D566000616B9 /* Project object */;
			proxyType = 1;
			remoteGlobalIDString = FDB921F01AA1D566000616B9;
			remoteInfo = "0228-OAuth";
		};
/* End PBXContainerItemProxy section */

/* Begin PBXFileReference section */
		FD2B55911AA223E400C3DF38 /* home.storyboard */ = {isa = PBXFileReference; fileEncoding = 4; lastKnownFileType = file.storyboard; path = home.storyboard; sourceTree = "<group>"; };
		FD2B55931AA224B300C3DF38 /* HomeViewController.swift */ = {isa = PBXFileReference; fileEncoding = 4; lastKnownFileType = sourcecode.swift; path = HomeViewController.swift; sourceTree = "<group>"; };
		FDB921F11AA1D566000616B9 /* 0228-OAuth.app */ = {isa = PBXFileReference; explicitFileType = wrapper.application; includeInIndex = 0; path = "0228-OAuth.app"; sourceTree = BUILT_PRODUCTS_DIR; };
		FDB921F51AA1D566000616B9 /* Info.plist */ = {isa = PBXFileReference; lastKnownFileType = text.plist.xml; path = Info.plist; sourceTree = "<group>"; };
		FDB921F61AA1D566000616B9 /* AppDelegate.swift */ = {isa = PBXFileReference; lastKnownFileType = sourcecode.swift; path = AppDelegate.swift; sourceTree = "<group>"; };
		FDB921F81AA1D566000616B9 /* ViewController.swift */ = {isa = PBXFileReference; lastKnownFileType = sourcecode.swift; path = ViewController.swift; sourceTree = "<group>"; };
		FDB921FB1AA1D566000616B9 /* Base */ = {isa = PBXFileReference; lastKnownFileType = file.storyboard; name = Base; path = Base.lproj/Main.storyboard; sourceTree = "<group>"; };
		FDB921FD1AA1D566000616B9 /* Images.xcassets */ = {isa = PBXFileReference; lastKnownFileType = folder.assetcatalog; path = Images.xcassets; sourceTree = "<group>"; };
		FDB922001AA1D566000616B9 /* Base */ = {isa = PBXFileReference; lastKnownFileType = file.xib; name = Base; path = Base.lproj/LaunchScreen.xib; sourceTree = "<group>"; };
		FDB922061AA1D566000616B9 /* 0228-OAuthTests.xctest */ = {isa = PBXFileReference; explicitFileType = wrapper.cfbundle; includeInIndex = 0; path = "0228-OAuthTests.xctest"; sourceTree = BUILT_PRODUCTS_DIR; };
		FDB9220B1AA1D566000616B9 /* Info.plist */ = {isa = PBXFileReference; lastKnownFileType = text.plist.xml; path = Info.plist; sourceTree = "<group>"; };
		FDB9220C1AA1D566000616B9 /* _228_OAuthTests.swift */ = {isa = PBXFileReference; lastKnownFileType = sourcecode.swift; path = _228_OAuthTests.swift; sourceTree = "<group>"; };
/* End PBXFileReference section */

/* Begin PBXFrameworksBuildPhase section */
		FDB921EE1AA1D566000616B9 /* Frameworks */ = {
			isa = PBXFrameworksBuildPhase;
			buildActionMask = 2147483647;
			files = (
			);
			runOnlyForDeploymentPostprocessing = 0;
		};
		FDB922031AA1D566000616B9 /* Frameworks */ = {
			isa = PBXFrameworksBuildPhase;
			buildActionMask = 2147483647;
			files = (
			);
			runOnlyForDeploymentPostprocessing = 0;
		};
/* End PBXFrameworksBuildPhase section */

/* Begin PBXGroup section */
		FDB921E81AA1D566000616B9 = {
			isa = PBXGroup;
			children = (
				FDB921F31AA1D566000616B9 /* 0228-OAuth */,
				FDB922091AA1D566000616B9 /* 0228-OAuthTests */,
				FDB921F21AA1D566000616B9 /* Products */,
			);
			sourceTree = "<group>";
		};
		FDB921F21AA1D566000616B9 /* Products */ = {
			isa = PBXGroup;
			children = (
				FDB921F11AA1D566000616B9 /* 0228-OAuth.app */,
				FDB922061AA1D566000616B9 /* 0228-OAuthTests.xctest */,
			);
			name = Products;
			sourceTree = "<group>";
		};
		FDB921F31AA1D566000616B9 /* 0228-OAuth */ = {
			isa = PBXGroup;
			children = (
				FDB921F61AA1D566000616B9 /* AppDelegate.swift */,
				FDB921F81AA1D566000616B9 /* ViewController.swift */,
				FD2B55931AA224B300C3DF38 /* HomeViewController.swift */,
				FD2B55911AA223E400C3DF38 /* home.storyboard */,
				FDB921FA1AA1D566000616B9 /* Main.storyboard */,
				FDB921FD1AA1D566000616B9 /* Images.xcassets */,
				FDB921FF1AA1D566000616B9 /* LaunchScreen.xib */,
				FDB921F41AA1D566000616B9 /* Supporting Files */,
			);
			path = "0228-OAuth";
			sourceTree = "<group>";
		};
		FDB921F41AA1D566000616B9 /* Supporting Files */ = {
			isa = PBXGroup;
			children = (
				FDB921F51AA1D566000616B9 /* Info.plist */,
			);
			name = "Supporting Files";
			sourceTree = "<group>";
		};
		FDB922091AA1D566000616B9 /* 0228-OAuthTests */ = {
			isa = PBXGroup;
			children = (
				FDB9220C1AA1D566000616B9 /* _228_OAuthTests.swift */,
				FDB9220A1AA1D566000616B9 /* Supporting Files */,
			);
			path = "0228-OAuthTests";
			sourceTree = "<group>";
		};
		FDB9220A1AA1D566000616B9 /* Supporting Files */ = {
			isa = PBXGroup;
			children = (
				FDB9220B1AA1D566000616B9 /* Info.plist */,
			);
			name = "Supporting Files";
			sourceTree = "<group>";
		};
/* End PBXGroup section */

/* Begin PBXNativeTarget section */
		FDB921F01AA1D566000616B9 /* 0228-OAuth */ = {
			isa = PBXNativeTarget;
			buildConfigurationList = FDB922101AA1D566000616B9 /* Build configuration list for PBXNativeTarget "0228-OAuth" */;
			buildPhases = (
				FDB921ED1AA1D566000616B9 /* Sources */,
				FDB921EE1AA1D566000616B9 /* Frameworks */,
				FDB921EF1AA1D566000616B9 /* Resources */,
			);
			buildRules = (
			);
			dependencies = (
			);
			name = "0228-OAuth";
			productName = "0228-OAuth";
			productReference = FDB921F11AA1D566000616B9 /* 0228-OAuth.app */;
			productType = "com.apple.product-type.application";
		};
		FDB922051AA1D566000616B9 /* 0228-OAuthTests */ = {
			isa = PBXNativeTarget;
			buildConfigurationList = FDB922131AA1D566000616B9 /* Build configuration list for PBXNativeTarget "0228-OAuthTests" */;
			buildPhases = (
				FDB922021AA1D566000616B9 /* Sources */,
				FDB922031AA1D566000616B9 /* Frameworks */,
				FDB922041AA1D566000616B9 /* Resources */,
			);
			buildRules = (
			);
			dependencies = (
				FDB922081AA1D566000616B9 /* PBXTargetDependency */,
			);
			name = "0228-OAuthTests";
			productName = "0228-OAuthTests";
			productReference = FDB922061AA1D566000616B9 /* 0228-OAuthTests.xctest */;
			productType = "com.apple.product-type.bundle.unit-test";
		};
/* End PBXNativeTarget section */

/* Begin PBXProject section */
		FDB921E91AA1D566000616B9 /* Project object */ = {
			isa = PBXProject;
			attributes = {
				LastUpgradeCheck = 0630;
				ORGANIZATIONNAME = Lauren;
				TargetAttributes = {
					FDB921F01AA1D566000616B9 = {
						CreatedOnToolsVersion = 6.3;
					};
					FDB922051AA1D566000616B9 = {
						CreatedOnToolsVersion = 6.3;
						TestTargetID = FDB921F01AA1D566000616B9;
					};
				};
			};
			buildConfigurationList = FDB921EC1AA1D566000616B9 /* Build configuration list for PBXProject "0228-OAuth" */;
			compatibilityVersion = "Xcode 3.2";
			developmentRegion = English;
			hasScannedForEncodings = 0;
			knownRegions = (
				en,
				Base,
			);
			mainGroup = FDB921E81AA1D566000616B9;
			productRefGroup = FDB921F21AA1D566000616B9 /* Products */;
			projectDirPath = "";
			projectRoot = "";
			targets = (
				FDB921F01AA1D566000616B9 /* 0228-OAuth */,
				FDB922051AA1D566000616B9 /* 0228-OAuthTests */,
			);
		};
/* End PBXProject section */

/* Begin PBXResourcesBuildPhase section */
		FDB921EF1AA1D566000616B9 /* Resources */ = {
			isa = PBXResourcesBuildPhase;
			buildActionMask = 2147483647;
			files = (
				FDB921FC1AA1D566000616B9 /* Main.storyboard in Resources */,
				FDB922011AA1D566000616B9 /* LaunchScreen.xib in Resources */,
				FDB921FE1AA1D566000616B9 /* Images.xcassets in Resources */,
				FD2B55921AA223E400C3DF38 /* home.storyboard in Resources */,
			);
			runOnlyForDeploymentPostprocessing = 0;
		};
		FDB922041AA1D566000616B9 /* Resources */ = {
			isa = PBXResourcesBuildPhase;
			buildActionMask = 2147483647;
			files = (
			);
			runOnlyForDeploymentPostprocessing = 0;
		};
/* End PBXResourcesBuildPhase section */

/* Begin PBXSourcesBuildPhase section */
		FDB921ED1AA1D566000616B9 /* Sources */ = {
			isa = PBXSourcesBuildPhase;
			buildActionMask = 2147483647;
			files = (
				FDB921F91AA1D566000616B9 /* ViewController.swift in Sources */,
				FDB921F71AA1D566000616B9 /* AppDelegate.swift in Sources */,
				FD2B55941AA224B300C3DF38 /* HomeViewController.swift in Sources */,
			);
			runOnlyForDeploymentPostprocessing = 0;
		};
		FDB922021AA1D566000616B9 /* Sources */ = {
			isa = PBXSourcesBuildPhase;
			buildActionMask = 2147483647;
			files = (
				FDB9220D1AA1D566000616B9 /* _228_OAuthTests.swift in Sources */,
			);
			runOnlyForDeploymentPostprocessing = 0;
		};
/* End PBXSourcesBuildPhase section */

/* Begin PBXTargetDependency section */
		FDB922081AA1D566000616B9 /* PBXTargetDependency */ = {
			isa = PBXTargetDependency;
			target = FDB921F01AA1D566000616B9 /* 0228-OAuth */;
			targetProxy = FDB922071AA1D566000616B9 /* PBXContainerItemProxy */;
		};
/* End PBXTargetDependency section */

/* Begin PBXVariantGroup section */
		FDB921FA1AA1D566000616B9 /* Main.storyboard */ = {
			isa = PBXVariantGroup;
			children = (
				FDB921FB1AA1D566000616B9 /* Base */,
			);
			name = Main.storyboard;
			sourceTree = "<group>";
		};
		FDB921FF1AA1D566000616B9 /* LaunchScreen.xib */ = {
			isa = PBXVariantGroup;
			children = (
				FDB922001AA1D566000616B9 /* Base */,
			);
			name = LaunchScreen.xib;
			sourceTree = "<group>";
		};
/* End PBXVariantGroup section */

/* Begin XCBuildConfiguration section */
		FDB9220E1AA1D566000616B9 /* Debug */ = {
			isa = XCBuildConfiguration;
			buildSettings = {
				ALWAYS_SEARCH_USER_PATHS = NO;
				CLANG_CXX_LANGUAGE_STANDARD = "gnu++0x";
				CLANG_CXX_LIBRARY = "libc++";
				CLANG_ENABLE_MODULES = YES;
				CLANG_ENABLE_OBJC_ARC = YES;
				CLANG_WARN_BOOL_CONVERSION = YES;
				CLANG_WARN_CONSTANT_CONVERSION = YES;
				CLANG_WARN_DIRECT_OBJC_ISA_USAGE = YES_ERROR;
				CLANG_WARN_EMPTY_BODY = YES;
				CLANG_WARN_ENUM_CONVERSION = YES;
				CLANG_WARN_INT_CONVERSION = YES;
				CLANG_WARN_OBJC_ROOT_CLASS = YES_ERROR;
				CLANG_WARN_UNREACHABLE_CODE = YES;
				CLANG_WARN__DUPLICATE_METHOD_MATCH = YES;
				"CODE_SIGN_IDENTITY[sdk=iphoneos*]" = "iPhone Developer";
				COPY_PHASE_STRIP = NO;
				DEBUG_INFORMATION_FORMAT = dwarf;
				ENABLE_STRICT_OBJC_MSGSEND = YES;
				GCC_C_LANGUAGE_STANDARD = gnu99;
				GCC_DYNAMIC_NO_PIC = NO;
				GCC_NO_COMMON_BLOCKS = YES;
				GCC_OPTIMIZATION_LEVEL = 0;
				GCC_PREPROCESSOR_DEFINITIONS = (
					"DEBUG=1",
					"$(inherited)",
				);
				GCC_SYMBOLS_PRIVATE_EXTERN = NO;
				GCC_WARN_64_TO_32_BIT_CONVERSION = YES;
				GCC_WARN_ABOUT_RETURN_TYPE = YES_ERROR;
				GCC_WARN_UNDECLARED_SELECTOR = YES;
				GCC_WARN_UNINITIALIZED_AUTOS = YES_AGGRESSIVE;
				GCC_WARN_UNUSED_FUNCTION = YES;
				GCC_WARN_UNUSED_VARIABLE = YES;
				IPHONEOS_DEPLOYMENT_TARGET = 8.3;
				MTL_ENABLE_DEBUG_INFO = YES;
				ONLY_ACTIVE_ARCH = YES;
				SDKROOT = iphoneos;
				SWIFT_OPTIMIZATION_LEVEL = "-Onone";
			};
			name = Debug;
		};
		FDB9220F1AA1D566000616B9 /* Release */ = {
			isa = XCBuildConfiguration;
			buildSettings = {
				ALWAYS_SEARCH_USER_PATHS = NO;
				CLANG_CXX_LANGUAGE_STANDARD = "gnu++0x";
				CLANG_CXX_LIBRARY = "libc++";
				CLANG_ENABLE_MODULES = YES;
				CLANG_ENABLE_OBJC_ARC = YES;
				CLANG_WARN_BOOL_CONVERSION = YES;
				CLANG_WARN_CONSTANT_CONVERSION = YES;
				CLANG_WARN_DIRECT_OBJC_ISA_USAGE = YES_ERROR;
				CLANG_WARN_EMPTY_BODY = YES;
				CLANG_WARN_ENUM_CONVERSION = YES;
				CLANG_WARN_INT_CONVERSION = YES;
				CLANG_WARN_OBJC_ROOT_CLASS = YES_ERROR;
				CLANG_WARN_UNREACHABLE_CODE = YES;
				CLANG_WARN__DUPLICATE_METHOD_MATCH = YES;
				"CODE_SIGN_IDENTITY[sdk=iphoneos*]" = "iPhone Developer";
				COPY_PHASE_STRIP = NO;
				DEBUG_INFORMATION_FORMAT = "dwarf-with-dsym";
				ENABLE_NS_ASSERTIONS = NO;
				ENABLE_STRICT_OBJC_MSGSEND = YES;
				GCC_C_LANGUAGE_STANDARD = gnu99;
				GCC_NO_COMMON_BLOCKS = YES;
				GCC_WARN_64_TO_32_BIT_CONVERSION = YES;
				GCC_WARN_ABOUT_RETURN_TYPE = YES_ERROR;
				GCC_WARN_UNDECLARED_SELECTOR = YES;
				GCC_WARN_UNINITIALIZED_AUTOS = YES_AGGRESSIVE;
				GCC_WARN_UNUSED_FUNCTION = YES;
				GCC_WARN_UNUSED_VARIABLE = YES;
				IPHONEOS_DEPLOYMENT_TARGET = 8.3;
				MTL_ENABLE_DEBUG_INFO = NO;
				SDKROOT = iphoneos;
				VALIDATE_PRODUCT = YES;
			};
			name = Release;
		};
		FDB922111AA1D566000616B9 /* Debug */ = {
			isa = XCBuildConfiguration;
			buildSettings = {
				ASSETCATALOG_COMPILER_APPICON_NAME = AppIcon;
				INFOPLIST_FILE = "0228-OAuth/Info.plist";
				LD_RUNPATH_SEARCH_PATHS = "$(inherited) @executable_path/Frameworks";
				PRODUCT_NAME = "$(TARGET_NAME)";
			};
			name = Debug;
		};
		FDB922121AA1D566000616B9 /* Release */ = {
			isa = XCBuildConfiguration;
			buildSettings = {
				ASSETCATALOG_COMPILER_APPICON_NAME = AppIcon;
				INFOPLIST_FILE = "0228-OAuth/Info.plist";
				LD_RUNPATH_SEARCH_PATHS = "$(inherited) @executable_path/Frameworks";
				PRODUCT_NAME = "$(TARGET_NAME)";
			};
			name = Release;
		};
		FDB922141AA1D566000616B9 /* Debug */ = {
			isa = XCBuildConfiguration;
			buildSettings = {
				BUNDLE_LOADER = "$(TEST_HOST)";
				FRAMEWORK_SEARCH_PATHS = (
					"$(SDKROOT)/Developer/Library/Frameworks",
					"$(inherited)",
				);
				GCC_PREPROCESSOR_DEFINITIONS = (
					"DEBUG=1",
					"$(inherited)",
				);
				INFOPLIST_FILE = "0228-OAuthTests/Info.plist";
				LD_RUNPATH_SEARCH_PATHS = "$(inherited) @executable_path/Frameworks @loader_path/Frameworks";
				PRODUCT_NAME = "$(TARGET_NAME)";
				TEST_HOST = "$(BUILT_PRODUCTS_DIR)/0228-OAuth.app/0228-OAuth";
			};
			name = Debug;
		};
		FDB922151AA1D566000616B9 /* Release */ = {
			isa = XCBuildConfiguration;
			buildSettings = {
				BUNDLE_LOADER = "$(TEST_HOST)";
				FRAMEWORK_SEARCH_PATHS = (
					"$(SDKROOT)/Developer/Library/Frameworks",
					"$(inherited)",
				);
				INFOPLIST_FILE = "0228-OAuthTests/Info.plist";
				LD_RUNPATH_SEARCH_PATHS = "$(inherited) @executable_path/Frameworks @loader_path/Frameworks";
				PRODUCT_NAME = "$(TARGET_NAME)";
				TEST_HOST = "$(BUILT_PRODUCTS_DIR)/0228-OAuth.app/0228-OAuth";
			};
			name = Release;
		};
/* End XCBuildConfiguration section */

/* Begin XCConfigurationList section */
		FDB921EC1AA1D566000616B9 /* Build configuration list for PBXProject "0228-OAuth" */ = {
			isa = XCConfigurationList;
			buildConfigurations = (
				FDB9220E1AA1D566000616B9 /* Debug */,
				FDB9220F1AA1D566000616B9 /* Release */,
			);
			defaultConfigurationIsVisible = 0;
			defaultConfigurationName = Release;
		};
		FDB922101AA1D566000616B9 /* Build configuration list for PBXNativeTarget "0228-OAuth" */ = {
			isa = XCConfigurationList;
			buildConfigurations = (
				FDB922111AA1D566000616B9 /* Debug */,
				FDB922121AA1D566000616B9 /* Release */,
			);
			defaultConfigurationIsVisible = 0;
			defaultConfigurationName = Release;
		};
		FDB922131AA1D566000616B9 /* Build configuration list for PBXNativeTarget "0228-OAuthTests" */ = {
			isa = XCConfigurationList;
			buildConfigurations = (
				FDB922141AA1D566000616B9 /* Debug */,
				FDB922151AA1D566000616B9 /* Release */,
			);
			defaultConfigurationIsVisible = 0;
			defaultConfigurationName = Release;
		};
/* End XCConfigurationList section */
	};
	rootObject = FDB921E91AA1D566000616B9 /* Project object */;
}
