// !$*UTF8*$!
{
	archiveVersion = 1;
	classes = {
	};
	objectVersion = 46;
	objects = {

/* Begin PBXBuildFile section */
		FD4554EE1AA8641600A8ECF0 /* AppDelegate.swift in Sources */ = {isa = PBXBuildFile; fileRef = FD4554ED1AA8641600A8ECF0 /* AppDelegate.swift */; };
		FD4554F01AA8641600A8ECF0 /* ViewController.swift in Sources */ = {isa = PBXBuildFile; fileRef = FD4554EF1AA8641600A8ECF0 /* ViewController.swift */; };
		FD4554F31AA8641600A8ECF0 /* Main.storyboard in Resources */ = {isa = PBXBuildFile; fileRef = FD4554F11AA8641600A8ECF0 /* Main.storyboard */; };
		FD4554F51AA8641600A8ECF0 /* Images.xcassets in Resources */ = {isa = PBXBuildFile; fileRef = FD4554F41AA8641600A8ECF0 /* Images.xcassets */; };
		FD4554F81AA8641600A8ECF0 /* LaunchScreen.xib in Resources */ = {isa = PBXBuildFile; fileRef = FD4554F61AA8641600A8ECF0 /* LaunchScreen.xib */; };
		FD4555041AA8641600A8ECF0 /* kakakaTests.swift in Sources */ = {isa = PBXBuildFile; fileRef = FD4555031AA8641600A8ECF0 /* kakakaTests.swift */; };
/* End PBXBuildFile section */

/* Begin PBXContainerItemProxy section */
		FD4554FE1AA8641600A8ECF0 /* PBXContainerItemProxy */ = {
			isa = PBXContainerItemProxy;
			containerPortal = FD4554E01AA8641600A8ECF0 /* Project object */;
			proxyType = 1;
			remoteGlobalIDString = FD4554E71AA8641600A8ECF0;
			remoteInfo = kakaka;
		};
/* End PBXContainerItemProxy section */

/* Begin PBXFileReference section */
		FD4554E81AA8641600A8ECF0 /* kakaka.app */ = {isa = PBXFileReference; explicitFileType = wrapper.application; includeInIndex = 0; path = kakaka.app; sourceTree = BUILT_PRODUCTS_DIR; };
		FD4554EC1AA8641600A8ECF0 /* Info.plist */ = {isa = PBXFileReference; lastKnownFileType = text.plist.xml; path = Info.plist; sourceTree = "<group>"; };
		FD4554ED1AA8641600A8ECF0 /* AppDelegate.swift */ = {isa = PBXFileReference; lastKnownFileType = sourcecode.swift; path = AppDelegate.swift; sourceTree = "<group>"; };
		FD4554EF1AA8641600A8ECF0 /* ViewController.swift */ = {isa = PBXFileReference; lastKnownFileType = sourcecode.swift; path = ViewController.swift; sourceTree = "<group>"; };
		FD4554F21AA8641600A8ECF0 /* Base */ = {isa = PBXFileReference; lastKnownFileType = file.storyboard; name = Base; path = Base.lproj/Main.storyboard; sourceTree = "<group>"; };
		FD4554F41AA8641600A8ECF0 /* Images.xcassets */ = {isa = PBXFileReference; lastKnownFileType = folder.assetcatalog; path = Images.xcassets; sourceTree = "<group>"; };
		FD4554F71AA8641600A8ECF0 /* Base */ = {isa = PBXFileReference; lastKnownFileType = file.xib; name = Base; path = Base.lproj/LaunchScreen.xib; sourceTree = "<group>"; };
		FD4554FD1AA8641600A8ECF0 /* kakakaTests.xctest */ = {isa = PBXFileReference; explicitFileType = wrapper.cfbundle; includeInIndex = 0; path = kakakaTests.xctest; sourceTree = BUILT_PRODUCTS_DIR; };
		FD4555021AA8641600A8ECF0 /* Info.plist */ = {isa = PBXFileReference; lastKnownFileType = text.plist.xml; path = Info.plist; sourceTree = "<group>"; };
		FD4555031AA8641600A8ECF0 /* kakakaTests.swift */ = {isa = PBXFileReference; lastKnownFileType = sourcecode.swift; path = kakakaTests.swift; sourceTree = "<group>"; };
/* End PBXFileReference section */

/* Begin PBXFrameworksBuildPhase section */
		FD4554E51AA8641600A8ECF0 /* Frameworks */ = {
			isa = PBXFrameworksBuildPhase;
			buildActionMask = 2147483647;
			files = (
			);
			runOnlyForDeploymentPostprocessing = 0;
		};
		FD4554FA1AA8641600A8ECF0 /* Frameworks */ = {
			isa = PBXFrameworksBuildPhase;
			buildActionMask = 2147483647;
			files = (
			);
			runOnlyForDeploymentPostprocessing = 0;
		};
/* End PBXFrameworksBuildPhase section */

/* Begin PBXGroup section */
		FD4554DF1AA8641600A8ECF0 = {
			isa = PBXGroup;
			children = (
				FD4554EA1AA8641600A8ECF0 /* kakaka */,
				FD4555001AA8641600A8ECF0 /* kakakaTests */,
				FD4554E91AA8641600A8ECF0 /* Products */,
			);
			sourceTree = "<group>";
		};
		FD4554E91AA8641600A8ECF0 /* Products */ = {
			isa = PBXGroup;
			children = (
				FD4554E81AA8641600A8ECF0 /* kakaka.app */,
				FD4554FD1AA8641600A8ECF0 /* kakakaTests.xctest */,
			);
			name = Products;
			sourceTree = "<group>";
		};
		FD4554EA1AA8641600A8ECF0 /* kakaka */ = {
			isa = PBXGroup;
			children = (
				FD4554ED1AA8641600A8ECF0 /* AppDelegate.swift */,
				FD4554EF1AA8641600A8ECF0 /* ViewController.swift */,
				FD4554F11AA8641600A8ECF0 /* Main.storyboard */,
				FD4554F41AA8641600A8ECF0 /* Images.xcassets */,
				FD4554F61AA8641600A8ECF0 /* LaunchScreen.xib */,
				FD4554EB1AA8641600A8ECF0 /* Supporting Files */,
			);
			path = kakaka;
			sourceTree = "<group>";
		};
		FD4554EB1AA8641600A8ECF0 /* Supporting Files */ = {
			isa = PBXGroup;
			children = (
				FD4554EC1AA8641600A8ECF0 /* Info.plist */,
			);
			name = "Supporting Files";
			sourceTree = "<group>";
		};
		FD4555001AA8641600A8ECF0 /* kakakaTests */ = {
			isa = PBXGroup;
			children = (
				FD4555031AA8641600A8ECF0 /* kakakaTests.swift */,
				FD4555011AA8641600A8ECF0 /* Supporting Files */,
			);
			path = kakakaTests;
			sourceTree = "<group>";
		};
		FD4555011AA8641600A8ECF0 /* Supporting Files */ = {
			isa = PBXGroup;
			children = (
				FD4555021AA8641600A8ECF0 /* Info.plist */,
			);
			name = "Supporting Files";
			sourceTree = "<group>";
		};
/* End PBXGroup section */

/* Begin PBXNativeTarget section */
		FD4554E71AA8641600A8ECF0 /* kakaka */ = {
			isa = PBXNativeTarget;
			buildConfigurationList = FD4555071AA8641600A8ECF0 /* Build configuration list for PBXNativeTarget "kakaka" */;
			buildPhases = (
				FD4554E41AA8641600A8ECF0 /* Sources */,
				FD4554E51AA8641600A8ECF0 /* Frameworks */,
				FD4554E61AA8641600A8ECF0 /* Resources */,
			);
			buildRules = (
			);
			dependencies = (
			);
			name = kakaka;
			productName = kakaka;
			productReference = FD4554E81AA8641600A8ECF0 /* kakaka.app */;
			productType = "com.apple.product-type.application";
		};
		FD4554FC1AA8641600A8ECF0 /* kakakaTests */ = {
			isa = PBXNativeTarget;
			buildConfigurationList = FD45550A1AA8641600A8ECF0 /* Build configuration list for PBXNativeTarget "kakakaTests" */;
			buildPhases = (
				FD4554F91AA8641600A8ECF0 /* Sources */,
				FD4554FA1AA8641600A8ECF0 /* Frameworks */,
				FD4554FB1AA8641600A8ECF0 /* Resources */,
			);
			buildRules = (
			);
			dependencies = (
				FD4554FF1AA8641600A8ECF0 /* PBXTargetDependency */,
			);
			name = kakakaTests;
			productName = kakakaTests;
			productReference = FD4554FD1AA8641600A8ECF0 /* kakakaTests.xctest */;
			productType = "com.apple.product-type.bundle.unit-test";
		};
/* End PBXNativeTarget section */

/* Begin PBXProject section */
		FD4554E01AA8641600A8ECF0 /* Project object */ = {
			isa = PBXProject;
			attributes = {
				LastUpgradeCheck = 0630;
				ORGANIZATIONNAME = Lauren;
				TargetAttributes = {
					FD4554E71AA8641600A8ECF0 = {
						CreatedOnToolsVersion = 6.3;
					};
					FD4554FC1AA8641600A8ECF0 = {
						CreatedOnToolsVersion = 6.3;
						TestTargetID = FD4554E71AA8641600A8ECF0;
					};
				};
			};
			buildConfigurationList = FD4554E31AA8641600A8ECF0 /* Build configuration list for PBXProject "kakaka" */;
			compatibilityVersion = "Xcode 3.2";
			developmentRegion = English;
			hasScannedForEncodings = 0;
			knownRegions = (
				en,
				Base,
			);
			mainGroup = FD4554DF1AA8641600A8ECF0;
			productRefGroup = FD4554E91AA8641600A8ECF0 /* Products */;
			projectDirPath = "";
			projectRoot = "";
			targets = (
				FD4554E71AA8641600A8ECF0 /* kakaka */,
				FD4554FC1AA8641600A8ECF0 /* kakakaTests */,
			);
		};
/* End PBXProject section */

/* Begin PBXResourcesBuildPhase section */
		FD4554E61AA8641600A8ECF0 /* Resources */ = {
			isa = PBXResourcesBuildPhase;
			buildActionMask = 2147483647;
			files = (
				FD4554F31AA8641600A8ECF0 /* Main.storyboard in Resources */,
				FD4554F81AA8641600A8ECF0 /* LaunchScreen.xib in Resources */,
				FD4554F51AA8641600A8ECF0 /* Images.xcassets in Resources */,
			);
			runOnlyForDeploymentPostprocessing = 0;
		};
		FD4554FB1AA8641600A8ECF0 /* Resources */ = {
			isa = PBXResourcesBuildPhase;
			buildActionMask = 2147483647;
			files = (
			);
			runOnlyForDeploymentPostprocessing = 0;
		};
/* End PBXResourcesBuildPhase section */

/* Begin PBXSourcesBuildPhase section */
		FD4554E41AA8641600A8ECF0 /* Sources */ = {
			isa = PBXSourcesBuildPhase;
			buildActionMask = 2147483647;
			files = (
				FD4554F01AA8641600A8ECF0 /* ViewController.swift in Sources */,
				FD4554EE1AA8641600A8ECF0 /* AppDelegate.swift in Sources */,
			);
			runOnlyForDeploymentPostprocessing = 0;
		};
		FD4554F91AA8641600A8ECF0 /* Sources */ = {
			isa = PBXSourcesBuildPhase;
			buildActionMask = 2147483647;
			files = (
				FD4555041AA8641600A8ECF0 /* kakakaTests.swift in Sources */,
			);
			runOnlyForDeploymentPostprocessing = 0;
		};
/* End PBXSourcesBuildPhase section */

/* Begin PBXTargetDependency section */
		FD4554FF1AA8641600A8ECF0 /* PBXTargetDependency */ = {
			isa = PBXTargetDependency;
			target = FD4554E71AA8641600A8ECF0 /* kakaka */;
			targetProxy = FD4554FE1AA8641600A8ECF0 /* PBXContainerItemProxy */;
		};
/* End PBXTargetDependency section */

/* Begin PBXVariantGroup section */
		FD4554F11AA8641600A8ECF0 /* Main.storyboard */ = {
			isa = PBXVariantGroup;
			children = (
				FD4554F21AA8641600A8ECF0 /* Base */,
			);
			name = Main.storyboard;
			sourceTree = "<group>";
		};
		FD4554F61AA8641600A8ECF0 /* LaunchScreen.xib */ = {
			isa = PBXVariantGroup;
			children = (
				FD4554F71AA8641600A8ECF0 /* Base */,
			);
			name = LaunchScreen.xib;
			sourceTree = "<group>";
		};
/* End PBXVariantGroup section */

/* Begin XCBuildConfiguration section */
		FD4555051AA8641600A8ECF0 /* Debug */ = {
			isa = XCBuildConfiguration;
			buildSettings = {
				ALWAYS_SEARCH_USER_PATHS = NO;
				CLANG_CXX_LANGUAGE_STANDARD = "gnu++0x";
				CLANG_CXX_LIBRARY = "libc++";
				CLANG_ENABLE_MODULES = YES;
				CLANG_ENABLE_OBJC_ARC = YES;
				CLANG_WARN_BOOL_CONVERSION = YES;
				CLANG_WARN_CONSTANT_CONVERSION = YES;
				CLANG_WARN_DIRECT_OBJC_ISA_USAGE = YES_ERROR;
				CLANG_WARN_EMPTY_BODY = YES;
				CLANG_WARN_ENUM_CONVERSION = YES;
				CLANG_WARN_INT_CONVERSION = YES;
				CLANG_WARN_OBJC_ROOT_CLASS = YES_ERROR;
				CLANG_WARN_UNREACHABLE_CODE = YES;
				CLANG_WARN__DUPLICATE_METHOD_MATCH = YES;
				"CODE_SIGN_IDENTITY[sdk=iphoneos*]" = "iPhone Developer";
				COPY_PHASE_STRIP = NO;
				DEBUG_INFORMATION_FORMAT = dwarf;
				ENABLE_STRICT_OBJC_MSGSEND = YES;
				GCC_C_LANGUAGE_STANDARD = gnu99;
				GCC_DYNAMIC_NO_PIC = NO;
				GCC_NO_COMMON_BLOCKS = YES;
				GCC_OPTIMIZATION_LEVEL = 0;
				GCC_PREPROCESSOR_DEFINITIONS = (
					"DEBUG=1",
					"$(inherited)",
				);
				GCC_SYMBOLS_PRIVATE_EXTERN = NO;
				GCC_WARN_64_TO_32_BIT_CONVERSION = YES;
				GCC_WARN_ABOUT_RETURN_TYPE = YES_ERROR;
				GCC_WARN_UNDECLARED_SELECTOR = YES;
				GCC_WARN_UNINITIALIZED_AUTOS = YES_AGGRESSIVE;
				GCC_WARN_UNUSED_FUNCTION = YES;
				GCC_WARN_UNUSED_VARIABLE = YES;
				IPHONEOS_DEPLOYMENT_TARGET = 8.3;
				MTL_ENABLE_DEBUG_INFO = YES;
				ONLY_ACTIVE_ARCH = YES;
				SDKROOT = iphoneos;
				SWIFT_OPTIMIZATION_LEVEL = "-Onone";
			};
			name = Debug;
		};
		FD4555061AA8641600A8ECF0 /* Release */ = {
			isa = XCBuildConfiguration;
			buildSettings = {
				ALWAYS_SEARCH_USER_PATHS = NO;
				CLANG_CXX_LANGUAGE_STANDARD = "gnu++0x";
				CLANG_CXX_LIBRARY = "libc++";
				CLANG_ENABLE_MODULES = YES;
				CLANG_ENABLE_OBJC_ARC = YES;
				CLANG_WARN_BOOL_CONVERSION = YES;
				CLANG_WARN_CONSTANT_CONVERSION = YES;
				CLANG_WARN_DIRECT_OBJC_ISA_USAGE = YES_ERROR;
				CLANG_WARN_EMPTY_BODY = YES;
				CLANG_WARN_ENUM_CONVERSION = YES;
				CLANG_WARN_INT_CONVERSION = YES;
				CLANG_WARN_OBJC_ROOT_CLASS = YES_ERROR;
				CLANG_WARN_UNREACHABLE_CODE = YES;
				CLANG_WARN__DUPLICATE_METHOD_MATCH = YES;
				"CODE_SIGN_IDENTITY[sdk=iphoneos*]" = "iPhone Developer";
				COPY_PHASE_STRIP = NO;
				DEBUG_INFORMATION_FORMAT = "dwarf-with-dsym";
				ENABLE_NS_ASSERTIONS = NO;
				ENABLE_STRICT_OBJC_MSGSEND = YES;
				GCC_C_LANGUAGE_STANDARD = gnu99;
				GCC_NO_COMMON_BLOCKS = YES;
				GCC_WARN_64_TO_32_BIT_CONVERSION = YES;
				GCC_WARN_ABOUT_RETURN_TYPE = YES_ERROR;
				GCC_WARN_UNDECLARED_SELECTOR = YES;
				GCC_WARN_UNINITIALIZED_AUTOS = YES_AGGRESSIVE;
				GCC_WARN_UNUSED_FUNCTION = YES;
				GCC_WARN_UNUSED_VARIABLE = YES;
				IPHONEOS_DEPLOYMENT_TARGET = 8.3;
				MTL_ENABLE_DEBUG_INFO = NO;
				SDKROOT = iphoneos;
				VALIDATE_PRODUCT = YES;
			};
			name = Release;
		};
		FD4555081AA8641600A8ECF0 /* Debug */ = {
			isa = XCBuildConfiguration;
			buildSettings = {
				ASSETCATALOG_COMPILER_APPICON_NAME = AppIcon;
				INFOPLIST_FILE = kakaka/Info.plist;
				LD_RUNPATH_SEARCH_PATHS = "$(inherited) @executable_path/Frameworks";
				PRODUCT_NAME = "$(TARGET_NAME)";
			};
			name = Debug;
		};
		FD4555091AA8641600A8ECF0 /* Release */ = {
			isa = XCBuildConfiguration;
			buildSettings = {
				ASSETCATALOG_COMPILER_APPICON_NAME = AppIcon;
				INFOPLIST_FILE = kakaka/Info.plist;
				LD_RUNPATH_SEARCH_PATHS = "$(inherited) @executable_path/Frameworks";
				PRODUCT_NAME = "$(TARGET_NAME)";
			};
			name = Release;
		};
		FD45550B1AA8641600A8ECF0 /* Debug */ = {
			isa = XCBuildConfiguration;
			buildSettings = {
				BUNDLE_LOADER = "$(TEST_HOST)";
				FRAMEWORK_SEARCH_PATHS = (
					"$(SDKROOT)/Developer/Library/Frameworks",
					"$(inherited)",
				);
				GCC_PREPROCESSOR_DEFINITIONS = (
					"DEBUG=1",
					"$(inherited)",
				);
				INFOPLIST_FILE = kakakaTests/Info.plist;
				LD_RUNPATH_SEARCH_PATHS = "$(inherited) @executable_path/Frameworks @loader_path/Frameworks";
				PRODUCT_NAME = "$(TARGET_NAME)";
				TEST_HOST = "$(BUILT_PRODUCTS_DIR)/kakaka.app/kakaka";
			};
			name = Debug;
		};
		FD45550C1AA8641600A8ECF0 /* Release */ = {
			isa = XCBuildConfiguration;
			buildSettings = {
				BUNDLE_LOADER = "$(TEST_HOST)";
				FRAMEWORK_SEARCH_PATHS = (
					"$(SDKROOT)/Developer/Library/Frameworks",
					"$(inherited)",
				);
				INFOPLIST_FILE = kakakaTests/Info.plist;
				LD_RUNPATH_SEARCH_PATHS = "$(inherited) @executable_path/Frameworks @loader_path/Frameworks";
				PRODUCT_NAME = "$(TARGET_NAME)";
				TEST_HOST = "$(BUILT_PRODUCTS_DIR)/kakaka.app/kakaka";
			};
			name = Release;
		};
/* End XCBuildConfiguration section */

/* Begin XCConfigurationList section */
		FD4554E31AA8641600A8ECF0 /* Build configuration list for PBXProject "kakaka" */ = {
			isa = XCConfigurationList;
			buildConfigurations = (
				FD4555051AA8641600A8ECF0 /* Debug */,
				FD4555061AA8641600A8ECF0 /* Release */,
			);
			defaultConfigurationIsVisible = 0;
			defaultConfigurationName = Release;
		};
		FD4555071AA8641600A8ECF0 /* Build configuration list for PBXNativeTarget "kakaka" */ = {
			isa = XCConfigurationList;
			buildConfigurations = (
				FD4555081AA8641600A8ECF0 /* Debug */,
				FD4555091AA8641600A8ECF0 /* Release */,
			);
			defaultConfigurationIsVisible = 0;
		};
		FD45550A1AA8641600A8ECF0 /* Build configuration list for PBXNativeTarget "kakakaTests" */ = {
			isa = XCConfigurationList;
			buildConfigurations = (
				FD45550B1AA8641600A8ECF0 /* Debug */,
				FD45550C1AA8641600A8ECF0 /* Release */,
			);
			defaultConfigurationIsVisible = 0;
		};
/* End XCConfigurationList section */
	};
	rootObject = FD4554E01AA8641600A8ECF0 /* Project object */;
}
